// !$*UTF8*$!
{
	archiveVersion = 1;
	classes = {
	};
	objectVersion = 56;
	objects = {

/* Begin PBXBuildFile section */
		F310FFA72AEFB1F1004C13F9 /* Cookie_ClickApp.swift in Sources */ = {isa = PBXBuildFile; fileRef = F310FFA62AEFB1F1004C13F9 /* Cookie_ClickApp.swift */; };
		F310FFA92AEFB1F1004C13F9 /* Clicker View.swift in Sources */ = {isa = PBXBuildFile; fileRef = F310FFA82AEFB1F1004C13F9 /* Clicker View.swift */; };
		F310FFAD2AEFB1F2004C13F9 /* Assets.xcassets in Resources */ = {isa = PBXBuildFile; fileRef = F310FFAC2AEFB1F2004C13F9 /* Assets.xcassets */; };
		F310FFBA2AEFB252004C13F9 /* ScrechKit in Frameworks */ = {isa = PBXBuildFile; productRef = F310FFB92AEFB252004C13F9 /* ScrechKit */; };
		F310FFBC2AEFB5AE004C13F9 /* Clicker Topbar.swift in Sources */ = {isa = PBXBuildFile; fileRef = F310FFBB2AEFB5AE004C13F9 /* Clicker Topbar.swift */; };
		F310FFBE2AEFB5D1004C13F9 /* Clicker Downbar.swift in Sources */ = {isa = PBXBuildFile; fileRef = F310FFBD2AEFB5D1004C13F9 /* Clicker Downbar.swift */; };
		F310FFC02AEFC5F9004C13F9 /* ShopView.swift in Sources */ = {isa = PBXBuildFile; fileRef = F310FFBF2AEFC5F8004C13F9 /* ShopView.swift */; };
/* End PBXBuildFile section */

/* Begin PBXFileReference section */
		F310FFA32AEFB1F1004C13F9 /* Cookie Click.app */ = {isa = PBXFileReference; explicitFileType = wrapper.application; includeInIndex = 0; path = "Cookie Click.app"; sourceTree = BUILT_PRODUCTS_DIR; };
		F310FFA62AEFB1F1004C13F9 /* Cookie_ClickApp.swift */ = {isa = PBXFileReference; lastKnownFileType = sourcecode.swift; path = Cookie_ClickApp.swift; sourceTree = "<group>"; };
		F310FFA82AEFB1F1004C13F9 /* Clicker View.swift */ = {isa = PBXFileReference; lastKnownFileType = sourcecode.swift; path = "Clicker View.swift"; sourceTree = "<group>"; };
		F310FFAC2AEFB1F2004C13F9 /* Assets.xcassets */ = {isa = PBXFileReference; lastKnownFileType = folder.assetcatalog; path = Assets.xcassets; sourceTree = "<group>"; };
		F310FFAE2AEFB1F2004C13F9 /* Cookie_Click.entitlements */ = {isa = PBXFileReference; lastKnownFileType = text.plist.entitlements; path = Cookie_Click.entitlements; sourceTree = "<group>"; };
		F310FFB22AEFB1F2004C13F9 /* Info.plist */ = {isa = PBXFileReference; lastKnownFileType = text.plist.xml; path = Info.plist; sourceTree = "<group>"; };
		F310FFBB2AEFB5AE004C13F9 /* Clicker Topbar.swift */ = {isa = PBXFileReference; lastKnownFileType = sourcecode.swift; path = "Clicker Topbar.swift"; sourceTree = "<group>"; };
		F310FFBD2AEFB5D1004C13F9 /* Clicker Downbar.swift */ = {isa = PBXFileReference; lastKnownFileType = sourcecode.swift; path = "Clicker Downbar.swift"; sourceTree = "<group>"; };
		F310FFBF2AEFC5F8004C13F9 /* ShopView.swift */ = {isa = PBXFileReference; lastKnownFileType = sourcecode.swift; path = ShopView.swift; sourceTree = "<group>"; };
/* End PBXFileReference section */

/* Begin PBXFrameworksBuildPhase section */
		F310FFA02AEFB1F1004C13F9 /* Frameworks */ = {
			isa = PBXFrameworksBuildPhase;
			buildActionMask = 2147483647;
			files = (
				F310FFBA2AEFB252004C13F9 /* ScrechKit in Frameworks */,
			);
			runOnlyForDeploymentPostprocessing = 0;
		};
/* End PBXFrameworksBuildPhase section */

/* Begin PBXGroup section */
		F310FF9A2AEFB1F1004C13F9 = {
			isa = PBXGroup;
			children = (
				F310FFA52AEFB1F1004C13F9 /* Cookie Click */,
				F310FFA42AEFB1F1004C13F9 /* Products */,
			);
			sourceTree = "<group>";
		};
		F310FFA42AEFB1F1004C13F9 /* Products */ = {
			isa = PBXGroup;
			children = (
				F310FFA32AEFB1F1004C13F9 /* Cookie Click.app */,
			);
			name = Products;
			sourceTree = "<group>";
		};
		F310FFA52AEFB1F1004C13F9 /* Cookie Click */ = {
			isa = PBXGroup;
			children = (
				F310FFA62AEFB1F1004C13F9 /* Cookie_ClickApp.swift */,
				F310FFA82AEFB1F1004C13F9 /* Clicker View.swift */,
				F310FFBF2AEFC5F8004C13F9 /* ShopView.swift */,
				F310FFBB2AEFB5AE004C13F9 /* Clicker Topbar.swift */,
				F310FFBD2AEFB5D1004C13F9 /* Clicker Downbar.swift */,
				F310FFAC2AEFB1F2004C13F9 /* Assets.xcassets */,
				F310FFAE2AEFB1F2004C13F9 /* Cookie_Click.entitlements */,
				F310FFB22AEFB1F2004C13F9 /* Info.plist */,
			);
			path = "Cookie Click";
			sourceTree = "<group>";
		};
/* End PBXGroup section */

/* Begin PBXNativeTarget section */
		F310FFA22AEFB1F1004C13F9 /* Cookie Click */ = {
			isa = PBXNativeTarget;
			buildConfigurationList = F310FFB52AEFB1F2004C13F9 /* Build configuration list for PBXNativeTarget "Cookie Click" */;
			buildPhases = (
				F310FF9F2AEFB1F1004C13F9 /* Sources */,
				F310FFA02AEFB1F1004C13F9 /* Frameworks */,
				F310FFA12AEFB1F1004C13F9 /* Resources */,
			);
			buildRules = (
			);
			dependencies = (
			);
			name = "Cookie Click";
			packageProductDependencies = (
				F310FFB92AEFB252004C13F9 /* ScrechKit */,
			);
			productName = "Cookie Click";
			productReference = F310FFA32AEFB1F1004C13F9 /* Cookie Click.app */;
			productType = "com.apple.product-type.application";
		};
/* End PBXNativeTarget section */

/* Begin PBXProject section */
		F310FF9B2AEFB1F1004C13F9 /* Project object */ = {
			isa = PBXProject;
			attributes = {
				BuildIndependentTargetsInParallel = 1;
				LastSwiftUpdateCheck = 1510;
				LastUpgradeCheck = 1510;
				TargetAttributes = {
					F310FFA22AEFB1F1004C13F9 = {
						CreatedOnToolsVersion = 15.1;
					};
				};
			};
			buildConfigurationList = F310FF9E2AEFB1F1004C13F9 /* Build configuration list for PBXProject "Cookie Click" */;
			compatibilityVersion = "Xcode 14.0";
			developmentRegion = en;
			hasScannedForEncodings = 0;
			knownRegions = (
				en,
				Base,
			);
			mainGroup = F310FF9A2AEFB1F1004C13F9;
			packageReferences = (
				F310FFB82AEFB252004C13F9 /* XCRemoteSwiftPackageReference "ScrechKit" */,
			);
			productRefGroup = F310FFA42AEFB1F1004C13F9 /* Products */;
			projectDirPath = "";
			projectRoot = "";
			targets = (
				F310FFA22AEFB1F1004C13F9 /* Cookie Click */,
			);
		};
/* End PBXProject section */

/* Begin PBXResourcesBuildPhase section */
		F310FFA12AEFB1F1004C13F9 /* Resources */ = {
			isa = PBXResourcesBuildPhase;
			buildActionMask = 2147483647;
			files = (
				F310FFAD2AEFB1F2004C13F9 /* Assets.xcassets in Resources */,
			);
			runOnlyForDeploymentPostprocessing = 0;
		};
/* End PBXResourcesBuildPhase section */

/* Begin PBXSourcesBuildPhase section */
		F310FF9F2AEFB1F1004C13F9 /* Sources */ = {
			isa = PBXSourcesBuildPhase;
			buildActionMask = 2147483647;
			files = (
				F310FFBC2AEFB5AE004C13F9 /* Clicker Topbar.swift in Sources */,
				F310FFBE2AEFB5D1004C13F9 /* Clicker Downbar.swift in Sources */,
				F310FFA92AEFB1F1004C13F9 /* Clicker View.swift in Sources */,
				F310FFC02AEFC5F9004C13F9 /* ShopView.swift in Sources */,
				F310FFA72AEFB1F1004C13F9 /* Cookie_ClickApp.swift in Sources */,
			);
			runOnlyForDeploymentPostprocessing = 0;
		};
/* End PBXSourcesBuildPhase section */

/* Begin XCBuildConfiguration section */
		F310FFB32AEFB1F2004C13F9 /* Debug */ = {
			isa = XCBuildConfiguration;
			buildSettings = {
				ALWAYS_SEARCH_USER_PATHS = NO;
				ASSETCATALOG_COMPILER_GENERATE_SWIFT_ASSET_SYMBOL_EXTENSIONS = YES;
				CLANG_ANALYZER_NONNULL = YES;
				CLANG_ANALYZER_NUMBER_OBJECT_CONVERSION = YES_AGGRESSIVE;
				CLANG_CXX_LANGUAGE_STANDARD = "gnu++20";
				CLANG_ENABLE_MODULES = YES;
				CLANG_ENABLE_OBJC_ARC = YES;
				CLANG_ENABLE_OBJC_WEAK = YES;
				CLANG_WARN_BLOCK_CAPTURE_AUTORELEASING = YES;
				CLANG_WARN_BOOL_CONVERSION = YES;
				CLANG_WARN_COMMA = YES;
				CLANG_WARN_CONSTANT_CONVERSION = YES;
				CLANG_WARN_DEPRECATED_OBJC_IMPLEMENTATIONS = YES;
				CLANG_WARN_DIRECT_OBJC_ISA_USAGE = YES_ERROR;
				CLANG_WARN_DOCUMENTATION_COMMENTS = YES;
				CLANG_WARN_EMPTY_BODY = YES;
				CLANG_WARN_ENUM_CONVERSION = YES;
				CLANG_WARN_INFINITE_RECURSION = YES;
				CLANG_WARN_INT_CONVERSION = YES;
				CLANG_WARN_NON_LITERAL_NULL_CONVERSION = YES;
				CLANG_WARN_OBJC_IMPLICIT_RETAIN_SELF = YES;
				CLANG_WARN_OBJC_LITERAL_CONVERSION = YES;
				CLANG_WARN_OBJC_ROOT_CLASS = YES_ERROR;
				CLANG_WARN_QUOTED_INCLUDE_IN_FRAMEWORK_HEADER = YES;
				CLANG_WARN_RANGE_LOOP_ANALYSIS = YES;
				CLANG_WARN_STRICT_PROTOTYPES = YES;
				CLANG_WARN_SUSPICIOUS_MOVE = YES;
				CLANG_WARN_UNGUARDED_AVAILABILITY = YES_AGGRESSIVE;
				CLANG_WARN_UNREACHABLE_CODE = YES;
				CLANG_WARN__DUPLICATE_METHOD_MATCH = YES;
				COPY_PHASE_STRIP = NO;
				DEBUG_INFORMATION_FORMAT = dwarf;
				ENABLE_STRICT_OBJC_MSGSEND = YES;
				ENABLE_TESTABILITY = YES;
				ENABLE_USER_SCRIPT_SANDBOXING = YES;
				GCC_C_LANGUAGE_STANDARD = gnu17;
				GCC_DYNAMIC_NO_PIC = NO;
				GCC_NO_COMMON_BLOCKS = YES;
				GCC_OPTIMIZATION_LEVEL = 0;
				GCC_PREPROCESSOR_DEFINITIONS = (
					"DEBUG=1",
					"$(inherited)",
				);
				GCC_WARN_64_TO_32_BIT_CONVERSION = YES;
				GCC_WARN_ABOUT_RETURN_TYPE = YES_ERROR;
				GCC_WARN_UNDECLARED_SELECTOR = YES;
				GCC_WARN_UNINITIALIZED_AUTOS = YES_AGGRESSIVE;
				GCC_WARN_UNUSED_FUNCTION = YES;
				GCC_WARN_UNUSED_VARIABLE = YES;
				LOCALIZATION_PREFERS_STRING_CATALOGS = YES;
				MTL_ENABLE_DEBUG_INFO = INCLUDE_SOURCE;
				MTL_FAST_MATH = YES;
				ONLY_ACTIVE_ARCH = YES;
				SWIFT_ACTIVE_COMPILATION_CONDITIONS = "DEBUG $(inherited)";
				SWIFT_OPTIMIZATION_LEVEL = "-Onone";
			};
			name = Debug;
		};
		F310FFB42AEFB1F2004C13F9 /* Release */ = {
			isa = XCBuildConfiguration;
			buildSettings = {
				ALWAYS_SEARCH_USER_PATHS = NO;
				ASSETCATALOG_COMPILER_GENERATE_SWIFT_ASSET_SYMBOL_EXTENSIONS = YES;
				CLANG_ANALYZER_NONNULL = YES;
				CLANG_ANALYZER_NUMBER_OBJECT_CONVERSION = YES_AGGRESSIVE;
				CLANG_CXX_LANGUAGE_STANDARD = "gnu++20";
				CLANG_ENABLE_MODULES = YES;
				CLANG_ENABLE_OBJC_ARC = YES;
				CLANG_ENABLE_OBJC_WEAK = YES;
				CLANG_WARN_BLOCK_CAPTURE_AUTORELEASING = YES;
				CLANG_WARN_BOOL_CONVERSION = YES;
				CLANG_WARN_COMMA = YES;
				CLANG_WARN_CONSTANT_CONVERSION = YES;
				CLANG_WARN_DEPRECATED_OBJC_IMPLEMENTATIONS = YES;
				CLANG_WARN_DIRECT_OBJC_ISA_USAGE = YES_ERROR;
				CLANG_WARN_DOCUMENTATION_COMMENTS = YES;
				CLANG_WARN_EMPTY_BODY = YES;
				CLANG_WARN_ENUM_CONVERSION = YES;
				CLANG_WARN_INFINITE_RECURSION = YES;
				CLANG_WARN_INT_CONVERSION = YES;
				CLANG_WARN_NON_LITERAL_NULL_CONVERSION = YES;
				CLANG_WARN_OBJC_IMPLICIT_RETAIN_SELF = YES;
				CLANG_WARN_OBJC_LITERAL_CONVERSION = YES;
				CLANG_WARN_OBJC_ROOT_CLASS = YES_ERROR;
				CLANG_WARN_QUOTED_INCLUDE_IN_FRAMEWORK_HEADER = YES;
				CLANG_WARN_RANGE_LOOP_ANALYSIS = YES;
				CLANG_WARN_STRICT_PROTOTYPES = YES;
				CLANG_WARN_SUSPICIOUS_MOVE = YES;
				CLANG_WARN_UNGUARDED_AVAILABILITY = YES_AGGRESSIVE;
				CLANG_WARN_UNREACHABLE_CODE = YES;
				CLANG_WARN__DUPLICATE_METHOD_MATCH = YES;
				COPY_PHASE_STRIP = NO;
				DEBUG_INFORMATION_FORMAT = "dwarf-with-dsym";
				ENABLE_NS_ASSERTIONS = NO;
				ENABLE_STRICT_OBJC_MSGSEND = YES;
				ENABLE_USER_SCRIPT_SANDBOXING = YES;
				GCC_C_LANGUAGE_STANDARD = gnu17;
				GCC_NO_COMMON_BLOCKS = YES;
				GCC_WARN_64_TO_32_BIT_CONVERSION = YES;
				GCC_WARN_ABOUT_RETURN_TYPE = YES_ERROR;
				GCC_WARN_UNDECLARED_SELECTOR = YES;
				GCC_WARN_UNINITIALIZED_AUTOS = YES_AGGRESSIVE;
				GCC_WARN_UNUSED_FUNCTION = YES;
				GCC_WARN_UNUSED_VARIABLE = YES;
				LOCALIZATION_PREFERS_STRING_CATALOGS = YES;
				MTL_ENABLE_DEBUG_INFO = NO;
				MTL_FAST_MATH = YES;
				SWIFT_COMPILATION_MODE = wholemodule;
			};
			name = Release;
		};
		F310FFB62AEFB1F2004C13F9 /* Debug */ = {
			isa = XCBuildConfiguration;
			buildSettings = {
				ASSETCATALOG_COMPILER_APPICON_NAME = AppIcon;
				ASSETCATALOG_COMPILER_GLOBAL_ACCENT_COLOR_NAME = AccentColor;
				CODE_SIGN_ENTITLEMENTS = "Cookie Click/Cookie_Click.entitlements";
				CODE_SIGN_STYLE = Automatic;
				CURRENT_PROJECT_VERSION = 1;
				DEVELOPMENT_ASSET_PATHS = "";
				DEVELOPMENT_TEAM = 8FQUA2F388;
				ENABLE_HARDENED_RUNTIME = YES;
				ENABLE_PREVIEWS = YES;
				GENERATE_INFOPLIST_FILE = YES;
				INFOPLIST_FILE = "Cookie Click/Info.plist";
				"INFOPLIST_KEY_UIApplicationSceneManifest_Generation[sdk=iphoneos*]" = YES;
				"INFOPLIST_KEY_UIApplicationSceneManifest_Generation[sdk=iphonesimulator*]" = YES;
				"INFOPLIST_KEY_UIApplicationSupportsIndirectInputEvents[sdk=iphoneos*]" = YES;
				"INFOPLIST_KEY_UIApplicationSupportsIndirectInputEvents[sdk=iphonesimulator*]" = YES;
				"INFOPLIST_KEY_UILaunchScreen_Generation[sdk=iphoneos*]" = YES;
				"INFOPLIST_KEY_UILaunchScreen_Generation[sdk=iphonesimulator*]" = YES;
				"INFOPLIST_KEY_UIStatusBarStyle[sdk=iphoneos*]" = UIStatusBarStyleDefault;
				"INFOPLIST_KEY_UIStatusBarStyle[sdk=iphonesimulator*]" = UIStatusBarStyleDefault;
				INFOPLIST_KEY_UISupportedInterfaceOrientations_iPad = "UIInterfaceOrientationPortrait UIInterfaceOrientationPortraitUpsideDown UIInterfaceOrientationLandscapeLeft UIInterfaceOrientationLandscapeRight";
				INFOPLIST_KEY_UISupportedInterfaceOrientations_iPhone = "UIInterfaceOrientationPortrait UIInterfaceOrientationLandscapeLeft UIInterfaceOrientationLandscapeRight";
				IPHONEOS_DEPLOYMENT_TARGET = 17.2;
				LD_RUNPATH_SEARCH_PATHS = "@executable_path/Frameworks";
				"LD_RUNPATH_SEARCH_PATHS[sdk=macosx*]" = "@executable_path/../Frameworks";
				MACOSX_DEPLOYMENT_TARGET = 14.0;
				MARKETING_VERSION = 1.0;
				PRODUCT_BUNDLE_IDENTIFIER = "host.bisquit.Cookie-Click";
				PRODUCT_NAME = "$(TARGET_NAME)";
				SDKROOT = auto;
				SUPPORTED_PLATFORMS = "iphoneos iphonesimulator macosx";
				SWIFT_EMIT_LOC_STRINGS = YES;
				SWIFT_VERSION = 5.0;
				TARGETED_DEVICE_FAMILY = "1,2";
			};
			name = Debug;
		};
		F310FFB72AEFB1F2004C13F9 /* Release */ = {
			isa = XCBuildConfiguration;
			buildSettings = {
				ASSETCATALOG_COMPILER_APPICON_NAME = AppIcon;
				ASSETCATALOG_COMPILER_GLOBAL_ACCENT_COLOR_NAME = AccentColor;
				CODE_SIGN_ENTITLEMENTS = "Cookie Click/Cookie_Click.entitlements";
				CODE_SIGN_STYLE = Automatic;
				CURRENT_PROJECT_VERSION = 1;
				DEVELOPMENT_ASSET_PATHS = "";
				DEVELOPMENT_TEAM = 8FQUA2F388;
				ENABLE_HARDENED_RUNTIME = YES;
				ENABLE_PREVIEWS = YES;
				GENERATE_INFOPLIST_FILE = YES;
				INFOPLIST_FILE = "Cookie Click/Info.plist";
				"INFOPLIST_KEY_UIApplicationSceneManifest_Generation[sdk=iphoneos*]" = YES;
				"INFOPLIST_KEY_UIApplicationSceneManifest_Generation[sdk=iphonesimulator*]" = YES;
				"INFOPLIST_KEY_UIApplicationSupportsIndirectInputEvents[sdk=iphoneos*]" = YES;
				"INFOPLIST_KEY_UIApplicationSupportsIndirectInputEvents[sdk=iphonesimulator*]" = YES;
				"INFOPLIST_KEY_UILaunchScreen_Generation[sdk=iphoneos*]" = YES;
				"INFOPLIST_KEY_UILaunchScreen_Generation[sdk=iphonesimulator*]" = YES;
				"INFOPLIST_KEY_UIStatusBarStyle[sdk=iphoneos*]" = UIStatusBarStyleDefault;
				"INFOPLIST_KEY_UIStatusBarStyle[sdk=iphonesimulator*]" = UIStatusBarStyleDefault;
				INFOPLIST_KEY_UISupportedInterfaceOrientations_iPad = "UIInterfaceOrientationPortrait UIInterfaceOrientationPortraitUpsideDown UIInterfaceOrientationLandscapeLeft UIInterfaceOrientationLandscapeRight";
				INFOPLIST_KEY_UISupportedInterfaceOrientations_iPhone = "UIInterfaceOrientationPortrait UIInterfaceOrientationLandscapeLeft UIInterfaceOrientationLandscapeRight";
				IPHONEOS_DEPLOYMENT_TARGET = 17.2;
				LD_RUNPATH_SEARCH_PATHS = "@executable_path/Frameworks";
				"LD_RUNPATH_SEARCH_PATHS[sdk=macosx*]" = "@executable_path/../Frameworks";
				MACOSX_DEPLOYMENT_TARGET = 14.0;
				MARKETING_VERSION = 1.0;
				PRODUCT_BUNDLE_IDENTIFIER = "host.bisquit.Cookie-Click";
				PRODUCT_NAME = "$(TARGET_NAME)";
				SDKROOT = auto;
				SUPPORTED_PLATFORMS = "iphoneos iphonesimulator macosx";
				SWIFT_EMIT_LOC_STRINGS = YES;
				SWIFT_VERSION = 5.0;
				TARGETED_DEVICE_FAMILY = "1,2";
			};
			name = Release;
		};
/* End XCBuildConfiguration section */

/* Begin XCConfigurationList section */
		F310FF9E2AEFB1F1004C13F9 /* Build configuration list for PBXProject "Cookie Click" */ = {
			isa = XCConfigurationList;
			buildConfigurations = (
				F310FFB32AEFB1F2004C13F9 /* Debug */,
				F310FFB42AEFB1F2004C13F9 /* Release */,
			);
			defaultConfigurationIsVisible = 0;
			defaultConfigurationName = Release;
		};
		F310FFB52AEFB1F2004C13F9 /* Build configuration list for PBXNativeTarget "Cookie Click" */ = {
			isa = XCConfigurationList;
			buildConfigurations = (
				F310FFB62AEFB1F2004C13F9 /* Debug */,
				F310FFB72AEFB1F2004C13F9 /* Release */,
			);
			defaultConfigurationIsVisible = 0;
			defaultConfigurationName = Release;
		};
/* End XCConfigurationList section */

/* Begin XCRemoteSwiftPackageReference section */
		F310FFB82AEFB252004C13F9 /* XCRemoteSwiftPackageReference "ScrechKit" */ = {
			isa = XCRemoteSwiftPackageReference;
			repositoryURL = "https://github.com/TopScrech/ScrechKit";
			requirement = {
				branch = main;
				kind = branch;
			};
		};
/* End XCRemoteSwiftPackageReference section */

/* Begin XCSwiftPackageProductDependency section */
		F310FFB92AEFB252004C13F9 /* ScrechKit */ = {
			isa = XCSwiftPackageProductDependency;
			package = F310FFB82AEFB252004C13F9 /* XCRemoteSwiftPackageReference "ScrechKit" */;
			productName = ScrechKit;
		};
/* End XCSwiftPackageProductDependency section */
	};
	rootObject = F310FF9B2AEFB1F1004C13F9 /* Project object */;
}
